
Microsoft Visual Studio Solution File, Format Version 12.00
# Visual Studio Version 16
VisualStudioVersion = 16.0.30804.86
MinimumVisualStudioVersion = 10.0.40219.1
Project("{9A19103F-16F7-4668-BE54-9A1E7A4F7556}") = "SimpleTasks1", "SimpleTasks\SimpleTasks1.csproj", "{43779FA5-63C6-47D6-BE81-6B153A8B1381}"
EndProject
Project("{9A19103F-16F7-4668-BE54-9A1E7A4F7556}") = "SimpleTasks2", "SimpleTasks2\SimpleTasks2.csproj", "{2C638278-6684-4137-8CE5-4ADCE1A9D856}"
EndProject
Project("{9A19103F-16F7-4668-BE54-9A1E7A4F7556}") = "SimpleTasks3", "SimpleTasks3\SimpleTasks3.csproj", "{EA980ED6-AAA6-489D-A8FF-C623CB3B6AD5}"
EndProject
Project("{9A19103F-16F7-4668-BE54-9A1E7A4F7556}") = "SimpleTasks4", "SimpleTasks4\SimpleTasks4.csproj", "{1CFDB663-5BB4-491A-A593-81B8036567C1}"
EndProject
Project("{9A19103F-16F7-4668-BE54-9A1E7A4F7556}") = "SimpleTasks5", "SimpleTasks5\SimpleTasks5.csproj", "{67699F2B-8D79-4150-B8B2-83C7FF28E3A8}"
EndProject
Project("{9A19103F-16F7-4668-BE54-9A1E7A4F7556}") = "SimpleTasks6", "SimpleTasks6\SimpleTasks6.csproj", "{E1983C32-06AA-449E-8304-A94D31A27437}"
EndProject
Project("{9A19103F-16F7-4668-BE54-9A1E7A4F7556}") = "SimpleTasks7", "SimpleTasks7\SimpleTasks7.csproj", "{793CA001-FC92-4A7D-B719-3538BDC9EBF2}"
EndProject
Project("{9A19103F-16F7-4668-BE54-9A1E7A4F7556}") = "SimpleTasks8", "SimpleTasks8\SimpleTasks8.csproj", "{EB812763-35A2-413B-9D9F-3CF16E4886B8}"
EndProject
Project("{FAE04EC0-301F-11D3-BF4B-00C04F79EFBC}") = "SimpleTasks9", "SimpleTasks9\SimpleTasks9.csproj", "{D3B61C09-F9F2-4924-BCA7-50D9C8301C45}"
EndProject
Project("{FAE04EC0-301F-11D3-BF4B-00C04F79EFBC}") = "SimpleTasks10", "SimpleTasks10\SimpleTasks10.csproj", "{8BDCC03B-59D3-4FEB-A7AB-8F8E3FB25F4F}"
EndProject
Project("{FAE04EC0-301F-11D3-BF4B-00C04F79EFBC}") = "SimpleTasks12", "SimpleTasks12\SimpleTasks12.csproj", "{BB091AA5-6992-492C-82A7-C8C1EC5AF512}"
EndProject
Global
	GlobalSection(SolutionConfigurationPlatforms) = preSolution
		Debug|Any CPU = Debug|Any CPU
		Release|Any CPU = Release|Any CPU
	EndGlobalSection
	GlobalSection(ProjectConfigurationPlatforms) = postSolution
		{43779FA5-63C6-47D6-BE81-6B153A8B1381}.Debug|Any CPU.ActiveCfg = Debug|Any CPU
		{43779FA5-63C6-47D6-BE81-6B153A8B1381}.Debug|Any CPU.Build.0 = Debug|Any CPU
		{43779FA5-63C6-47D6-BE81-6B153A8B1381}.Release|Any CPU.ActiveCfg = Release|Any CPU
		{43779FA5-63C6-47D6-BE81-6B153A8B1381}.Release|Any CPU.Build.0 = Release|Any CPU
		{2C638278-6684-4137-8CE5-4ADCE1A9D856}.Debug|Any CPU.ActiveCfg = Debug|Any CPU
		{2C638278-6684-4137-8CE5-4ADCE1A9D856}.Debug|Any CPU.Build.0 = Debug|Any CPU
		{2C638278-6684-4137-8CE5-4ADCE1A9D856}.Release|Any CPU.ActiveCfg = Release|Any CPU
		{2C638278-6684-4137-8CE5-4ADCE1A9D856}.Release|Any CPU.Build.0 = Release|Any CPU
		{EA980ED6-AAA6-489D-A8FF-C623CB3B6AD5}.Debug|Any CPU.ActiveCfg = Debug|Any CPU
		{EA980ED6-AAA6-489D-A8FF-C623CB3B6AD5}.Debug|Any CPU.Build.0 = Debug|Any CPU
		{EA980ED6-AAA6-489D-A8FF-C623CB3B6AD5}.Release|Any CPU.ActiveCfg = Release|Any CPU
		{EA980ED6-AAA6-489D-A8FF-C623CB3B6AD5}.Release|Any CPU.Build.0 = Release|Any CPU
		{1CFDB663-5BB4-491A-A593-81B8036567C1}.Debug|Any CPU.ActiveCfg = Debug|Any CPU
		{1CFDB663-5BB4-491A-A593-81B8036567C1}.Debug|Any CPU.Build.0 = Debug|Any CPU
		{1CFDB663-5BB4-491A-A593-81B8036567C1}.Release|Any CPU.ActiveCfg = Release|Any CPU
		{1CFDB663-5BB4-491A-A593-81B8036567C1}.Release|Any CPU.Build.0 = Release|Any CPU
		{67699F2B-8D79-4150-B8B2-83C7FF28E3A8}.Debug|Any CPU.ActiveCfg = Debug|Any CPU
		{67699F2B-8D79-4150-B8B2-83C7FF28E3A8}.Debug|Any CPU.Build.0 = Debug|Any CPU
		{67699F2B-8D79-4150-B8B2-83C7FF28E3A8}.Release|Any CPU.ActiveCfg = Release|Any CPU
		{67699F2B-8D79-4150-B8B2-83C7FF28E3A8}.Release|Any CPU.Build.0 = Release|Any CPU
		{E1983C32-06AA-449E-8304-A94D31A27437}.Debug|Any CPU.ActiveCfg = Debug|Any CPU
		{E1983C32-06AA-449E-8304-A94D31A27437}.Debug|Any CPU.Build.0 = Debug|Any CPU
		{E1983C32-06AA-449E-8304-A94D31A27437}.Release|Any CPU.ActiveCfg = Release|Any CPU
		{E1983C32-06AA-449E-8304-A94D31A27437}.Release|Any CPU.Build.0 = Release|Any CPU
		{793CA001-FC92-4A7D-B719-3538BDC9EBF2}.Debug|Any CPU.ActiveCfg = Debug|Any CPU
		{793CA001-FC92-4A7D-B719-3538BDC9EBF2}.Debug|Any CPU.Build.0 = Debug|Any CPU
		{793CA001-FC92-4A7D-B719-3538BDC9EBF2}.Release|Any CPU.ActiveCfg = Release|Any CPU
		{793CA001-FC92-4A7D-B719-3538BDC9EBF2}.Release|Any CPU.Build.0 = Release|Any CPU
		{EB812763-35A2-413B-9D9F-3CF16E4886B8}.Debug|Any CPU.ActiveCfg = Debug|Any CPU
		{EB812763-35A2-413B-9D9F-3CF16E4886B8}.Debug|Any CPU.Build.0 = Debug|Any CPU
		{EB812763-35A2-413B-9D9F-3CF16E4886B8}.Release|Any CPU.ActiveCfg = Release|Any CPU
		{EB812763-35A2-413B-9D9F-3CF16E4886B8}.Release|Any CPU.Build.0 = Release|Any CPU
		{D3B61C09-F9F2-4924-BCA7-50D9C8301C45}.Debug|Any CPU.ActiveCfg = Debug|Any CPU
		{D3B61C09-F9F2-4924-BCA7-50D9C8301C45}.Debug|Any CPU.Build.0 = Debug|Any CPU
		{D3B61C09-F9F2-4924-BCA7-50D9C8301C45}.Release|Any CPU.ActiveCfg = Release|Any CPU
		{D3B61C09-F9F2-4924-BCA7-50D9C8301C45}.Release|Any CPU.Build.0 = Release|Any CPU
		{8BDCC03B-59D3-4FEB-A7AB-8F8E3FB25F4F}.Debug|Any CPU.ActiveCfg = Debug|Any CPU
		{8BDCC03B-59D3-4FEB-A7AB-8F8E3FB25F4F}.Debug|Any CPU.Build.0 = Debug|Any CPU
		{8BDCC03B-59D3-4FEB-A7AB-8F8E3FB25F4F}.Release|Any CPU.ActiveCfg = Release|Any CPU
		{8BDCC03B-59D3-4FEB-A7AB-8F8E3FB25F4F}.Release|Any CPU.Build.0 = Release|Any CPU
		{BB091AA5-6992-492C-82A7-C8C1EC5AF512}.Debug|Any CPU.ActiveCfg = Debug|Any CPU
		{BB091AA5-6992-492C-82A7-C8C1EC5AF512}.Debug|Any CPU.Build.0 = Debug|Any CPU
		{BB091AA5-6992-492C-82A7-C8C1EC5AF512}.Release|Any CPU.ActiveCfg = Release|Any CPU
		{BB091AA5-6992-492C-82A7-C8C1EC5AF512}.Release|Any CPU.Build.0 = Release|Any CPU
	EndGlobalSection
	GlobalSection(SolutionProperties) = preSolution
		HideSolutionNode = FALSE
	EndGlobalSection
	GlobalSection(ExtensibilityGlobals) = postSolution
		SolutionGuid = {E6517D4D-B77A-45B3-B886-01AE76D1F150}
	EndGlobalSection
EndGlobal
